
Microsoft Visual Studio Solution File, Format Version 12.00
# Visual Studio Version 17
VisualStudioVersion = 17.10.34928.147
MinimumVisualStudioVersion = 10.0.40219.1
Project("{FAE04EC0-301F-11D3-BF4B-00C04F79EFBC}") = "singlyLinkedlist", "mylinkedlist\singlyLinkedlist.csproj", "{F3EFEB7E-A367-4637-BE2A-B5A5786B1660}"
EndProject
Global
	GlobalSection(SolutionConfigurationPlatforms) = preSolution
		Debug|Any CPU = Debug|Any CPU
		Release|Any CPU = Release|Any CPU
	EndGlobalSection
	GlobalSection(ProjectConfigurationPlatforms) = postSolution
		{F3EFEB7E-A367-4637-BE2A-B5A5786B1660}.Debug|Any CPU.ActiveCfg = Debug|Any CPU
		{F3EFEB7E-A367-4637-BE2A-B5A5786B1660}.Debug|Any CPU.Build.0 = Debug|Any CPU
		{F3EFEB7E-A367-4637-BE2A-B5A5786B1660}.Release|Any CPU.ActiveCfg = Release|Any CPU
		{F3EFEB7E-A367-4637-BE2A-B5A5786B1660}.Release|Any CPU.Build.0 = Release|Any CPU
	EndGlobalSection
	GlobalSection(SolutionProperties) = preSolution
		HideSolutionNode = FALSE
	EndGlobalSection
	GlobalSection(ExtensibilityGlobals) = postSolution
		SolutionGuid = {E22E518D-E7FE-484B-9BED-CD35E32C8DDB}
	EndGlobalSection
EndGlobal
